
Microsoft Visual Studio Solution File, Format Version 12.00
# Visual Studio 14
VisualStudioVersion = 14.0.25420.1
MinimumVisualStudioVersion = 10.0.40219.1
Project("{888888A0-9F3D-457C-B088-3A5042F75D52}") = "F948", "F948\F948.pyproj", "{AEF28BC2-0DF6-4706-93AF-15ED1A8B0E41}"
EndProject
Global
	GlobalSection(SolutionConfigurationPlatforms) = preSolution
		Debug|Any CPU = Debug|Any CPU
		Release|Any CPU = Release|Any CPU
	EndGlobalSection
	GlobalSection(ProjectConfigurationPlatforms) = postSolution
		{AEF28BC2-0DF6-4706-93AF-15ED1A8B0E41}.Debug|Any CPU.ActiveCfg = Debug|Any CPU
		{AEF28BC2-0DF6-4706-93AF-15ED1A8B0E41}.Debug|Any CPU.Build.0 = Debug|Any CPU
		{AEF28BC2-0DF6-4706-93AF-15ED1A8B0E41}.Release|Any CPU.ActiveCfg = Release|Any CPU
		{AEF28BC2-0DF6-4706-93AF-15ED1A8B0E41}.Release|Any CPU.Build.0 = Release|Any CPU
	EndGlobalSection
	GlobalSection(SolutionProperties) = preSolution
		HideSolutionNode = FALSE
	EndGlobalSection
EndGlobal
